// !$*UTF8*$!
{
	archiveVersion = 1;
	classes = {
	};
	objectVersion = 50;
	objects = {

/* Begin PBXBuildFile section */
		B18112712517AF1B0020DB97 /* AppDelegate.swift in Sources */ = {isa = PBXBuildFile; fileRef = B18112702517AF1B0020DB97 /* AppDelegate.swift */; };
		B18112732517AF1B0020DB97 /* SceneDelegate.swift in Sources */ = {isa = PBXBuildFile; fileRef = B18112722517AF1B0020DB97 /* SceneDelegate.swift */; };
		B18112752517AF1B0020DB97 /* ViewController.swift in Sources */ = {isa = PBXBuildFile; fileRef = B18112742517AF1B0020DB97 /* ViewController.swift */; };
		B18112782517AF1B0020DB97 /* Main.storyboard in Resources */ = {isa = PBXBuildFile; fileRef = B18112762517AF1B0020DB97 /* Main.storyboard */; };
		B181127A2517AF1F0020DB97 /* Assets.xcassets in Resources */ = {isa = PBXBuildFile; fileRef = B18112792517AF1F0020DB97 /* Assets.xcassets */; };
		B181127D2517AF1F0020DB97 /* LaunchScreen.storyboard in Resources */ = {isa = PBXBuildFile; fileRef = B181127B2517AF1F0020DB97 /* LaunchScreen.storyboard */; };
		B18112862517B6880020DB97 /* RoundButton.swift in Sources */ = {isa = PBXBuildFile; fileRef = B18112852517B6880020DB97 /* RoundButton.swift */; };
		B181128A2517C5D70020DB97 /* Model.swift in Sources */ = {isa = PBXBuildFile; fileRef = B18112892517C5D70020DB97 /* Model.swift */; };
/* End PBXBuildFile section */

/* Begin PBXFileReference section */
		B181126D2517AF1B0020DB97 /* Calculator.app */ = {isa = PBXFileReference; explicitFileType = wrapper.application; includeInIndex = 0; path = Calculator.app; sourceTree = BUILT_PRODUCTS_DIR; };
		B18112702517AF1B0020DB97 /* AppDelegate.swift */ = {isa = PBXFileReference; lastKnownFileType = sourcecode.swift; path = AppDelegate.swift; sourceTree = "<group>"; };
		B18112722517AF1B0020DB97 /* SceneDelegate.swift */ = {isa = PBXFileReference; lastKnownFileType = sourcecode.swift; path = SceneDelegate.swift; sourceTree = "<group>"; };
		B18112742517AF1B0020DB97 /* ViewController.swift */ = {isa = PBXFileReference; lastKnownFileType = sourcecode.swift; path = ViewController.swift; sourceTree = "<group>"; };
		B18112772517AF1B0020DB97 /* Base */ = {isa = PBXFileReference; lastKnownFileType = file.storyboard; name = Base; path = Base.lproj/Main.storyboard; sourceTree = "<group>"; };
		B18112792517AF1F0020DB97 /* Assets.xcassets */ = {isa = PBXFileReference; lastKnownFileType = folder.assetcatalog; path = Assets.xcassets; sourceTree = "<group>"; };
		B181127C2517AF1F0020DB97 /* Base */ = {isa = PBXFileReference; lastKnownFileType = file.storyboard; name = Base; path = Base.lproj/LaunchScreen.storyboard; sourceTree = "<group>"; };
		B181127E2517AF1F0020DB97 /* Info.plist */ = {isa = PBXFileReference; lastKnownFileType = text.plist.xml; path = Info.plist; sourceTree = "<group>"; };
		B18112852517B6880020DB97 /* RoundButton.swift */ = {isa = PBXFileReference; lastKnownFileType = sourcecode.swift; path = RoundButton.swift; sourceTree = "<group>"; };
		B18112892517C5D70020DB97 /* Model.swift */ = {isa = PBXFileReference; lastKnownFileType = sourcecode.swift; path = Model.swift; sourceTree = "<group>"; };
/* End PBXFileReference section */

/* Begin PBXFrameworksBuildPhase section */
		B181126A2517AF1B0020DB97 /* Frameworks */ = {
			isa = PBXFrameworksBuildPhase;
			buildActionMask = 2147483647;
			files = (
			);
			runOnlyForDeploymentPostprocessing = 0;
		};
/* End PBXFrameworksBuildPhase section */

/* Begin PBXGroup section */
		B15C7FDE251C5D7100F958B5 /* View */ = {
			isa = PBXGroup;
			children = (
				B18112852517B6880020DB97 /* RoundButton.swift */,
			);
			path = View;
			sourceTree = "<group>";
		};
		B15C7FDF251C5D7700F958B5 /* Controller */ = {
			isa = PBXGroup;
			children = (
				B18112742517AF1B0020DB97 /* ViewController.swift */,
			);
			path = Controller;
			sourceTree = "<group>";
		};
		B15C7FE0251C5D7E00F958B5 /* Model */ = {
			isa = PBXGroup;
			children = (
				B18112892517C5D70020DB97 /* Model.swift */,
			);
			path = Model;
			sourceTree = "<group>";
		};
		B18112642517AF1B0020DB97 = {
			isa = PBXGroup;
			children = (
				B181126F2517AF1B0020DB97 /* Calculator */,
				B181126E2517AF1B0020DB97 /* Products */,
			);
			sourceTree = "<group>";
		};
		B181126E2517AF1B0020DB97 /* Products */ = {
			isa = PBXGroup;
			children = (
				B181126D2517AF1B0020DB97 /* Calculator.app */,
			);
			name = Products;
			sourceTree = "<group>";
		};
		B181126F2517AF1B0020DB97 /* Calculator */ = {
			isa = PBXGroup;
			children = (
				B15C7FE0251C5D7E00F958B5 /* Model */,
				B15C7FDE251C5D7100F958B5 /* View */,
				B15C7FDF251C5D7700F958B5 /* Controller */,
				B18112702517AF1B0020DB97 /* AppDelegate.swift */,
				B18112722517AF1B0020DB97 /* SceneDelegate.swift */,
				B18112762517AF1B0020DB97 /* Main.storyboard */,
				B18112792517AF1F0020DB97 /* Assets.xcassets */,
				B181127B2517AF1F0020DB97 /* LaunchScreen.storyboard */,
				B181127E2517AF1F0020DB97 /* Info.plist */,
			);
			path = Calculator;
			sourceTree = "<group>";
		};
/* End PBXGroup section */

/* Begin PBXNativeTarget section */
		B181126C2517AF1B0020DB97 /* Calculator */ = {
			isa = PBXNativeTarget;
			buildConfigurationList = B18112812517AF1F0020DB97 /* Build configuration list for PBXNativeTarget "Calculator" */;
			buildPhases = (
				B18112692517AF1B0020DB97 /* Sources */,
				B181126A2517AF1B0020DB97 /* Frameworks */,
				B181126B2517AF1B0020DB97 /* Resources */,
			);
			buildRules = (
			);
			dependencies = (
			);
			name = Calculator;
			productName = Calculator;
			productReference = B181126D2517AF1B0020DB97 /* Calculator.app */;
			productType = "com.apple.product-type.application";
		};
/* End PBXNativeTarget section */

/* Begin PBXProject section */
		B18112652517AF1B0020DB97 /* Project object */ = {
			isa = PBXProject;
			attributes = {
				LastSwiftUpdateCheck = 1200;
				LastUpgradeCheck = 1200;
				TargetAttributes = {
					B181126C2517AF1B0020DB97 = {
						CreatedOnToolsVersion = 12.0;
					};
				};
			};
			buildConfigurationList = B18112682517AF1B0020DB97 /* Build configuration list for PBXProject "Calculator" */;
			compatibilityVersion = "Xcode 9.3";
			developmentRegion = en;
			hasScannedForEncodings = 0;
			knownRegions = (
				en,
				Base,
			);
			mainGroup = B18112642517AF1B0020DB97;
			productRefGroup = B181126E2517AF1B0020DB97 /* Products */;
			projectDirPath = "";
			projectRoot = "";
			targets = (
				B181126C2517AF1B0020DB97 /* Calculator */,
			);
		};
/* End PBXProject section */

/* Begin PBXResourcesBuildPhase section */
		B181126B2517AF1B0020DB97 /* Resources */ = {
			isa = PBXResourcesBuildPhase;
			buildActionMask = 2147483647;
			files = (
				B181127D2517AF1F0020DB97 /* LaunchScreen.storyboard in Resources */,
				B181127A2517AF1F0020DB97 /* Assets.xcassets in Resources */,
				B18112782517AF1B0020DB97 /* Main.storyboard in Resources */,
			);
			runOnlyForDeploymentPostprocessing = 0;
		};
/* End PBXResourcesBuildPhase section */

/* Begin PBXSourcesBuildPhase section */
		B18112692517AF1B0020DB97 /* Sources */ = {
			isa = PBXSourcesBuildPhase;
			buildActionMask = 2147483647;
			files = (
				B181128A2517C5D70020DB97 /* Model.swift in Sources */,
				B18112862517B6880020DB97 /* RoundButton.swift in Sources */,
				B18112752517AF1B0020DB97 /* ViewController.swift in Sources */,
				B18112712517AF1B0020DB97 /* AppDelegate.swift in Sources */,
				B18112732517AF1B0020DB97 /* SceneDelegate.swift in Sources */,
			);
			runOnlyForDeploymentPostprocessing = 0;
		};
/* End PBXSourcesBuildPhase section */

/* Begin PBXVariantGroup section */
		B18112762517AF1B0020DB97 /* Main.storyboard */ = {
			isa = PBXVariantGroup;
			children = (
				B18112772517AF1B0020DB97 /* Base */,
			);
			name = Main.storyboard;
			sourceTree = "<group>";
		};
		B181127B2517AF1F0020DB97 /* LaunchScreen.storyboard */ = {
			isa = PBXVariantGroup;
			children = (
				B181127C2517AF1F0020DB97 /* Base */,
			);
			name = LaunchScreen.storyboard;
			sourceTree = "<group>";
		};
/* End PBXVariantGroup section */

/* Begin XCBuildConfiguration section */
		B181127F2517AF1F0020DB97 /* Debug */ = {
			isa = XCBuildConfiguration;
			buildSettings = {
				ALWAYS_SEARCH_USER_PATHS = NO;
				CLANG_ANALYZER_NONNULL = YES;
				CLANG_ANALYZER_NUMBER_OBJECT_CONVERSION = YES_AGGRESSIVE;
				CLANG_CXX_LANGUAGE_STANDARD = "gnu++14";
				CLANG_CXX_LIBRARY = "libc++";
				CLANG_ENABLE_MODULES = YES;
				CLANG_ENABLE_OBJC_ARC = YES;
				CLANG_ENABLE_OBJC_WEAK = YES;
				CLANG_WARN_BLOCK_CAPTURE_AUTORELEASING = YES;
				CLANG_WARN_BOOL_CONVERSION = YES;
				CLANG_WARN_COMMA = YES;
				CLANG_WARN_CONSTANT_CONVERSION = YES;
				CLANG_WARN_DEPRECATED_OBJC_IMPLEMENTATIONS = YES;
				CLANG_WARN_DIRECT_OBJC_ISA_USAGE = YES_ERROR;
				CLANG_WARN_DOCUMENTATION_COMMENTS = YES;
				CLANG_WARN_EMPTY_BODY = YES;
				CLANG_WARN_ENUM_CONVERSION = YES;
				CLANG_WARN_INFINITE_RECURSION = YES;
				CLANG_WARN_INT_CONVERSION = YES;
				CLANG_WARN_NON_LITERAL_NULL_CONVERSION = YES;
				CLANG_WARN_OBJC_IMPLICIT_RETAIN_SELF = YES;
				CLANG_WARN_OBJC_LITERAL_CONVERSION = YES;
				CLANG_WARN_OBJC_ROOT_CLASS = YES_ERROR;
				CLANG_WARN_QUOTED_INCLUDE_IN_FRAMEWORK_HEADER = YES;
				CLANG_WARN_RANGE_LOOP_ANALYSIS = YES;
				CLANG_WARN_STRICT_PROTOTYPES = YES;
				CLANG_WARN_SUSPICIOUS_MOVE = YES;
				CLANG_WARN_UNGUARDED_AVAILABILITY = YES_AGGRESSIVE;
				CLANG_WARN_UNREACHABLE_CODE = YES;
				CLANG_WARN__DUPLICATE_METHOD_MATCH = YES;
				COPY_PHASE_STRIP = NO;
				DEBUG_INFORMATION_FORMAT = dwarf;
				ENABLE_STRICT_OBJC_MSGSEND = YES;
				ENABLE_TESTABILITY = YES;
				GCC_C_LANGUAGE_STANDARD = gnu11;
				GCC_DYNAMIC_NO_PIC = NO;
				GCC_NO_COMMON_BLOCKS = YES;
				GCC_OPTIMIZATION_LEVEL = 0;
				GCC_PREPROCESSOR_DEFINITIONS = (
					"DEBUG=1",
					"$(inherited)",
				);
				GCC_WARN_64_TO_32_BIT_CONVERSION = YES;
				GCC_WARN_ABOUT_RETURN_TYPE = YES_ERROR;
				GCC_WARN_UNDECLARED_SELECTOR = YES;
				GCC_WARN_UNINITIALIZED_AUTOS = YES_AGGRESSIVE;
				GCC_WARN_UNUSED_FUNCTION = YES;
				GCC_WARN_UNUSED_VARIABLE = YES;
				IPHONEOS_DEPLOYMENT_TARGET = 14.0;
				MTL_ENABLE_DEBUG_INFO = INCLUDE_SOURCE;
				MTL_FAST_MATH = YES;
				ONLY_ACTIVE_ARCH = YES;
				SDKROOT = iphoneos;
				SWIFT_ACTIVE_COMPILATION_CONDITIONS = DEBUG;
				SWIFT_OPTIMIZATION_LEVEL = "-Onone";
			};
			name = Debug;
		};
		B18112802517AF1F0020DB97 /* Release */ = {
			isa = XCBuildConfiguration;
			buildSettings = {
				ALWAYS_SEARCH_USER_PATHS = NO;
				CLANG_ANALYZER_NONNULL = YES;
				CLANG_ANALYZER_NUMBER_OBJECT_CONVERSION = YES_AGGRESSIVE;
				CLANG_CXX_LANGUAGE_STANDARD = "gnu++14";
				CLANG_CXX_LIBRARY = "libc++";
				CLANG_ENABLE_MODULES = YES;
				CLANG_ENABLE_OBJC_ARC = YES;
				CLANG_ENABLE_OBJC_WEAK = YES;
				CLANG_WARN_BLOCK_CAPTURE_AUTORELEASING = YES;
				CLANG_WARN_BOOL_CONVERSION = YES;
				CLANG_WARN_COMMA = YES;
				CLANG_WARN_CONSTANT_CONVERSION = YES;
				CLANG_WARN_DEPRECATED_OBJC_IMPLEMENTATIONS = YES;
				CLANG_WARN_DIRECT_OBJC_ISA_USAGE = YES_ERROR;
				CLANG_WARN_DOCUMENTATION_COMMENTS = YES;
				CLANG_WARN_EMPTY_BODY = YES;
				CLANG_WARN_ENUM_CONVERSION = YES;
				CLANG_WARN_INFINITE_RECURSION = YES;
				CLANG_WARN_INT_CONVERSION = YES;
				CLANG_WARN_NON_LITERAL_NULL_CONVERSION = YES;
				CLANG_WARN_OBJC_IMPLICIT_RETAIN_SELF = YES;
				CLANG_WARN_OBJC_LITERAL_CONVERSION = YES;
				CLANG_WARN_OBJC_ROOT_CLASS = YES_ERROR;
				CLANG_WARN_QUOTED_INCLUDE_IN_FRAMEWORK_HEADER = YES;
				CLANG_WARN_RANGE_LOOP_ANALYSIS = YES;
				CLANG_WARN_STRICT_PROTOTYPES = YES;
				CLANG_WARN_SUSPICIOUS_MOVE = YES;
				CLANG_WARN_UNGUARDED_AVAILABILITY = YES_AGGRESSIVE;
				CLANG_WARN_UNREACHABLE_CODE = YES;
				CLANG_WARN__DUPLICATE_METHOD_MATCH = YES;
				COPY_PHASE_STRIP = NO;
				DEBUG_INFORMATION_FORMAT = "dwarf-with-dsym";
				ENABLE_NS_ASSERTIONS = NO;
				ENABLE_STRICT_OBJC_MSGSEND = YES;
				GCC_C_LANGUAGE_STANDARD = gnu11;
				GCC_NO_COMMON_BLOCKS = YES;
				GCC_WARN_64_TO_32_BIT_CONVERSION = YES;
				GCC_WARN_ABOUT_RETURN_TYPE = YES_ERROR;
				GCC_WARN_UNDECLARED_SELECTOR = YES;
				GCC_WARN_UNINITIALIZED_AUTOS = YES_AGGRESSIVE;
				GCC_WARN_UNUSED_FUNCTION = YES;
				GCC_WARN_UNUSED_VARIABLE = YES;
				IPHONEOS_DEPLOYMENT_TARGET = 14.0;
				MTL_ENABLE_DEBUG_INFO = NO;
				MTL_FAST_MATH = YES;
				SDKROOT = iphoneos;
				SWIFT_COMPILATION_MODE = wholemodule;
				SWIFT_OPTIMIZATION_LEVEL = "-O";
				VALIDATE_PRODUCT = YES;
			};
			name = Release;
		};
		B18112822517AF1F0020DB97 /* Debug */ = {
			isa = XCBuildConfiguration;
			buildSettings = {
				ASSETCATALOG_COMPILER_APPICON_NAME = AppIcon;
				ASSETCATALOG_COMPILER_GLOBAL_ACCENT_COLOR_NAME = AccentColor;
				CODE_SIGN_STYLE = Automatic;
				INFOPLIST_FILE = Calculator/Info.plist;
				LD_RUNPATH_SEARCH_PATHS = (
					"$(inherited)",
					"@executable_path/Frameworks",
				);
				PRODUCT_BUNDLE_IDENTIFIER = victorLee.com.Calculator;
				PRODUCT_NAME = "$(TARGET_NAME)";
				SWIFT_VERSION = 5.0;
				TARGETED_DEVICE_FAMILY = "1,2";
			};
			name = Debug;
		};
		B18112832517AF1F0020DB97 /* Release */ = {
			isa = XCBuildConfiguration;
			buildSettings = {
				ASSETCATALOG_COMPILER_APPICON_NAME = AppIcon;
				ASSETCATALOG_COMPILER_GLOBAL_ACCENT_COLOR_NAME = AccentColor;
				CODE_SIGN_STYLE = Automatic;
				INFOPLIST_FILE = Calculator/Info.plist;
				LD_RUNPATH_SEARCH_PATHS = (
					"$(inherited)",
					"@executable_path/Frameworks",
				);
				PRODUCT_BUNDLE_IDENTIFIER = victorLee.com.Calculator;
				PRODUCT_NAME = "$(TARGET_NAME)";
				SWIFT_VERSION = 5.0;
				TARGETED_DEVICE_FAMILY = "1,2";
			};
			name = Release;
		};
/* End XCBuildConfiguration section */

/* Begin XCConfigurationList section */
		B18112682517AF1B0020DB97 /* Build configuration list for PBXProject "Calculator" */ = {
			isa = XCConfigurationList;
			buildConfigurations = (
				B181127F2517AF1F0020DB97 /* Debug */,
				B18112802517AF1F0020DB97 /* Release */,
			);
			defaultConfigurationIsVisible = 0;
			defaultConfigurationName = Release;
		};
		B18112812517AF1F0020DB97 /* Build configuration list for PBXNativeTarget "Calculator" */ = {
			isa = XCConfigurationList;
			buildConfigurations = (
				B18112822517AF1F0020DB97 /* Debug */,
				B18112832517AF1F0020DB97 /* Release */,
			);
			defaultConfigurationIsVisible = 0;
			defaultConfigurationName = Release;
		};
/* End XCConfigurationList section */
	};
	rootObject = B18112652517AF1B0020DB97 /* Project object */;
}
